Microsoft Visual Studio Solution File, Format Version 12.00
# Visual Studio Version 17
VisualStudioVersion = 17.5.2.0
MinimumVisualStudioVersion = 10.0.40219.1
Project("{2150E333-8FDC-42A3-9474-1A3956D46DE8}") = "simpleDoble", "simpleDoble", "{BFA1B95C-32ED-F3BC-E49D-28714436C5DD}"
EndProject
Project("{FAE04EC0-301F-11D3-BF4B-00C04F79EFBC}") = "cs", "simpleDoble\cs\cs.csproj", "{CA10187F-7179-946B-1014-F295F839AEEE}"
EndProject
Global
	GlobalSection(SolutionConfigurationPlatforms) = preSolution
		Debug|Any CPU = Debug|Any CPU
		Release|Any CPU = Release|Any CPU
	EndGlobalSection
	GlobalSection(ProjectConfigurationPlatforms) = postSolution
		{CA10187F-7179-946B-1014-F295F839AEEE}.Debug|Any CPU.ActiveCfg = Debug|Any CPU
		{CA10187F-7179-946B-1014-F295F839AEEE}.Debug|Any CPU.Build.0 = Debug|Any CPU
		{CA10187F-7179-946B-1014-F295F839AEEE}.Release|Any CPU.ActiveCfg = Release|Any CPU
		{CA10187F-7179-946B-1014-F295F839AEEE}.Release|Any CPU.Build.0 = Release|Any CPU
	EndGlobalSection
	GlobalSection(SolutionProperties) = preSolution
		HideSolutionNode = FALSE
	EndGlobalSection
	GlobalSection(NestedProjects) = preSolution
		{CA10187F-7179-946B-1014-F295F839AEEE} = {BFA1B95C-32ED-F3BC-E49D-28714436C5DD}
	EndGlobalSection
	GlobalSection(ExtensibilityGlobals) = postSolution
		SolutionGuid = {9D7BAF49-7294-4438-BC50-B089EAF4BBAB}
	EndGlobalSection
EndGlobal
